// !$*UTF8*$!
{
	archiveVersion = 1;
	classes = {
	};
	objectVersion = 77;
	objects = {

/* Begin PBXBuildFile section */
		BA39FA7C2DD5A99D00DA3723 /* RealityKitContent in Frameworks */ = {isa = PBXBuildFile; productRef = BA39FA7B2DD5A99D00DA3723 /* RealityKitContent */; };
		BA39FA9F2DD5AA7A00DA3723 /* DisplayData in Frameworks */ = {isa = PBXBuildFile; productRef = BA39FA9E2DD5AA7A00DA3723 /* DisplayData */; };
		BA39FAA12DD5AA7A00DA3723 /* FileIO in Frameworks */ = {isa = PBXBuildFile; productRef = BA39FAA02DD5AA7A00DA3723 /* FileIO */; };
/* End PBXBuildFile section */

/* Begin PBXContainerItemProxy section */
		BA39FA8F2DD5A99F00DA3723 /* PBXContainerItemProxy */ = {
			isa = PBXContainerItemProxy;
			containerPortal = BA39FA6E2DD5A99D00DA3723 /* Project object */;
			proxyType = 1;
			remoteGlobalIDString = BA39FA752DD5A99D00DA3723;
			remoteInfo = SimpleApp;
		};
/* End PBXContainerItemProxy section */

/* Begin PBXFileReference section */
		BA39FA762DD5A99D00DA3723 /* SimpleApp.app */ = {isa = PBXFileReference; explicitFileType = wrapper.application; includeInIndex = 0; path = SimpleApp.app; sourceTree = BUILT_PRODUCTS_DIR; };
		BA39FA7A2DD5A99D00DA3723 /* RealityKitContent */ = {isa = PBXFileReference; lastKnownFileType = wrapper; path = RealityKitContent; sourceTree = "<group>"; };
		BA39FA8E2DD5A99F00DA3723 /* SimpleAppTests.xctest */ = {isa = PBXFileReference; explicitFileType = wrapper.cfbundle; includeInIndex = 0; path = SimpleAppTests.xctest; sourceTree = BUILT_PRODUCTS_DIR; };
/* End PBXFileReference section */

/* Begin PBXFileSystemSynchronizedBuildFileExceptionSet section */
		BA39FA942DD5A99F00DA3723 /* Exceptions for "SimpleApp" folder in "SimpleApp" target */ = {
			isa = PBXFileSystemSynchronizedBuildFileExceptionSet;
			membershipExceptions = (
				Info.plist,
			);
			target = BA39FA752DD5A99D00DA3723 /* SimpleApp */;
		};
/* End PBXFileSystemSynchronizedBuildFileExceptionSet section */

/* Begin PBXFileSystemSynchronizedRootGroup section */
		BA39FA782DD5A99D00DA3723 /* SimpleApp */ = {
			isa = PBXFileSystemSynchronizedRootGroup;
			exceptions = (
				BA39FA942DD5A99F00DA3723 /* Exceptions for "SimpleApp" folder in "SimpleApp" target */,
			);
			path = SimpleApp;
			sourceTree = "<group>";
		};
		BA39FA912DD5A99F00DA3723 /* SimpleAppTests */ = {
			isa = PBXFileSystemSynchronizedRootGroup;
			path = SimpleAppTests;
			sourceTree = "<group>";
		};
/* End PBXFileSystemSynchronizedRootGroup section */

/* Begin PBXFrameworksBuildPhase section */
		BA39FA732DD5A99D00DA3723 /* Frameworks */ = {
			isa = PBXFrameworksBuildPhase;
			buildActionMask = 2147483647;
			files = (
				BA39FA7C2DD5A99D00DA3723 /* RealityKitContent in Frameworks */,
				BA39FA9F2DD5AA7A00DA3723 /* DisplayData in Frameworks */,
				BA39FAA12DD5AA7A00DA3723 /* FileIO in Frameworks */,
			);
			runOnlyForDeploymentPostprocessing = 0;
		};
		BA39FA8B2DD5A99F00DA3723 /* Frameworks */ = {
			isa = PBXFrameworksBuildPhase;
			buildActionMask = 2147483647;
			files = (
			);
			runOnlyForDeploymentPostprocessing = 0;
		};
/* End PBXFrameworksBuildPhase section */

/* Begin PBXGroup section */
		BA39FA6D2DD5A99D00DA3723 = {
			isa = PBXGroup;
			children = (
				BA39FA782DD5A99D00DA3723 /* SimpleApp */,
				BA39FA792DD5A99D00DA3723 /* Packages */,
				BA39FA912DD5A99F00DA3723 /* SimpleAppTests */,
				BA39FA772DD5A99D00DA3723 /* Products */,
			);
			sourceTree = "<group>";
		};
		BA39FA772DD5A99D00DA3723 /* Products */ = {
			isa = PBXGroup;
			children = (
				BA39FA762DD5A99D00DA3723 /* SimpleApp.app */,
				BA39FA8E2DD5A99F00DA3723 /* SimpleAppTests.xctest */,
			);
			name = Products;
			sourceTree = "<group>";
		};
		BA39FA792DD5A99D00DA3723 /* Packages */ = {
			isa = PBXGroup;
			children = (
				BA39FA7A2DD5A99D00DA3723 /* RealityKitContent */,
			);
			path = Packages;
			sourceTree = "<group>";
		};
/* End PBXGroup section */

/* Begin PBXNativeTarget section */
		BA39FA752DD5A99D00DA3723 /* SimpleApp */ = {
			isa = PBXNativeTarget;
			buildConfigurationList = BA39FA952DD5A99F00DA3723 /* Build configuration list for PBXNativeTarget "SimpleApp" */;
			buildPhases = (
				BA39FA722DD5A99D00DA3723 /* Sources */,
				BA39FA732DD5A99D00DA3723 /* Frameworks */,
				BA39FA742DD5A99D00DA3723 /* Resources */,
			);
			buildRules = (
			);
			dependencies = (
			);
			fileSystemSynchronizedGroups = (
				BA39FA782DD5A99D00DA3723 /* SimpleApp */,
			);
			name = SimpleApp;
			packageProductDependencies = (
				BA39FA7B2DD5A99D00DA3723 /* RealityKitContent */,
				BA39FA9E2DD5AA7A00DA3723 /* DisplayData */,
				BA39FAA02DD5AA7A00DA3723 /* FileIO */,
			);
			productName = SimpleApp;
			productReference = BA39FA762DD5A99D00DA3723 /* SimpleApp.app */;
			productType = "com.apple.product-type.application";
		};
		BA39FA8D2DD5A99F00DA3723 /* SimpleAppTests */ = {
			isa = PBXNativeTarget;
			buildConfigurationList = BA39FA9A2DD5A99F00DA3723 /* Build configuration list for PBXNativeTarget "SimpleAppTests" */;
			buildPhases = (
				BA39FA8A2DD5A99F00DA3723 /* Sources */,
				BA39FA8B2DD5A99F00DA3723 /* Frameworks */,
				BA39FA8C2DD5A99F00DA3723 /* Resources */,
			);
			buildRules = (
			);
			dependencies = (
				BA39FA902DD5A99F00DA3723 /* PBXTargetDependency */,
			);
			fileSystemSynchronizedGroups = (
				BA39FA912DD5A99F00DA3723 /* SimpleAppTests */,
			);
			name = SimpleAppTests;
			packageProductDependencies = (
			);
			productName = SimpleAppTests;
			productReference = BA39FA8E2DD5A99F00DA3723 /* SimpleAppTests.xctest */;
			productType = "com.apple.product-type.bundle.unit-test";
		};
/* End PBXNativeTarget section */

/* Begin PBXProject section */
		BA39FA6E2DD5A99D00DA3723 /* Project object */ = {
			isa = PBXProject;
			attributes = {
				BuildIndependentTargetsInParallel = 1;
				LastSwiftUpdateCheck = 1630;
				LastUpgradeCheck = 1630;
				TargetAttributes = {
					BA39FA752DD5A99D00DA3723 = {
						CreatedOnToolsVersion = 16.3;
					};
					BA39FA8D2DD5A99F00DA3723 = {
						CreatedOnToolsVersion = 16.3;
						TestTargetID = BA39FA752DD5A99D00DA3723;
					};
				};
			};
			buildConfigurationList = BA39FA712DD5A99D00DA3723 /* Build configuration list for PBXProject "SimpleApp" */;
			developmentRegion = en;
			hasScannedForEncodings = 0;
			knownRegions = (
				en,
				Base,
			);
			mainGroup = BA39FA6D2DD5A99D00DA3723;
			minimizedProjectReferenceProxies = 1;
			packageReferences = (
				BA39FA9D2DD5AA7A00DA3723 /* XCLocalSwiftPackageReference "../../../SPMock" */,
			);
			preferredProjectObjectVersion = 77;
			productRefGroup = BA39FA772DD5A99D00DA3723 /* Products */;
			projectDirPath = "";
			projectRoot = "";
			targets = (
				BA39FA752DD5A99D00DA3723 /* SimpleApp */,
				BA39FA8D2DD5A99F00DA3723 /* SimpleAppTests */,
			);
		};
/* End PBXProject section */

/* Begin PBXResourcesBuildPhase section */
		BA39FA742DD5A99D00DA3723 /* Resources */ = {
			isa = PBXResourcesBuildPhase;
			buildActionMask = 2147483647;
			files = (
			);
			runOnlyForDeploymentPostprocessing = 0;
		};
		BA39FA8C2DD5A99F00DA3723 /* Resources */ = {
			isa = PBXResourcesBuildPhase;
			buildActionMask = 2147483647;
			files = (
			);
			runOnlyForDeploymentPostprocessing = 0;
		};
/* End PBXResourcesBuildPhase section */

/* Begin PBXSourcesBuildPhase section */
		BA39FA722DD5A99D00DA3723 /* Sources */ = {
			isa = PBXSourcesBuildPhase;
			buildActionMask = 2147483647;
			files = (
			);
			runOnlyForDeploymentPostprocessing = 0;
		};
		BA39FA8A2DD5A99F00DA3723 /* Sources */ = {
			isa = PBXSourcesBuildPhase;
			buildActionMask = 2147483647;
			files = (
			);
			runOnlyForDeploymentPostprocessing = 0;
		};
/* End PBXSourcesBuildPhase section */

/* Begin PBXTargetDependency section */
		BA39FA902DD5A99F00DA3723 /* PBXTargetDependency */ = {
			isa = PBXTargetDependency;
			target = BA39FA752DD5A99D00DA3723 /* SimpleApp */;
			targetProxy = BA39FA8F2DD5A99F00DA3723 /* PBXContainerItemProxy */;
		};
/* End PBXTargetDependency section */

/* Begin XCBuildConfiguration section */
		BA39FA962DD5A99F00DA3723 /* Debug */ = {
			isa = XCBuildConfiguration;
			buildSettings = {
				ASSETCATALOG_COMPILER_APPICON_NAME = AppIcon;
				ASSETCATALOG_COMPILER_GLOBAL_ACCENT_COLOR_NAME = AccentColor;
				CODE_SIGN_STYLE = Automatic;
				CURRENT_PROJECT_VERSION = 1;
				DEVELOPMENT_TEAM = J5CY9Q9UP5;
				ENABLE_PREVIEWS = YES;
				GENERATE_INFOPLIST_FILE = YES;
				INFOPLIST_FILE = "$(TARGET_NAME)/Info.plist";
				LD_RUNPATH_SEARCH_PATHS = (
					"$(inherited)",
					"@executable_path/Frameworks",
				);
				MARKETING_VERSION = 1.0;
				PRODUCT_BUNDLE_IDENTIFIER = jp.co.atarayosd.test.SimpleApp;
				PRODUCT_NAME = "$(TARGET_NAME)";
				SUPPORTED_PLATFORMS = "xros xrsimulator";
				SWIFT_EMIT_LOC_STRINGS = YES;
				SWIFT_VERSION = 5.0;
				TARGETED_DEVICE_FAMILY = 7;
			};
			name = Debug;
		};
		BA39FA972DD5A99F00DA3723 /* Release */ = {
			isa = XCBuildConfiguration;
			buildSettings = {
				ASSETCATALOG_COMPILER_APPICON_NAME = AppIcon;
				ASSETCATALOG_COMPILER_GLOBAL_ACCENT_COLOR_NAME = AccentColor;
				CODE_SIGN_STYLE = Automatic;
				CURRENT_PROJECT_VERSION = 1;
				DEVELOPMENT_TEAM = J5CY9Q9UP5;
				ENABLE_PREVIEWS = YES;
				GENERATE_INFOPLIST_FILE = YES;
				INFOPLIST_FILE = "$(TARGET_NAME)/Info.plist";
				LD_RUNPATH_SEARCH_PATHS = (
					"$(inherited)",
					"@executable_path/Frameworks",
				);
				MARKETING_VERSION = 1.0;
				PRODUCT_BUNDLE_IDENTIFIER = jp.co.atarayosd.test.SimpleApp;
				PRODUCT_NAME = "$(TARGET_NAME)";
				SUPPORTED_PLATFORMS = "xros xrsimulator";
				SWIFT_EMIT_LOC_STRINGS = YES;
				SWIFT_VERSION = 5.0;
				TARGETED_DEVICE_FAMILY = 7;
			};
			name = Release;
		};
		BA39FA982DD5A99F00DA3723 /* Debug */ = {
			isa = XCBuildConfiguration;
			buildSettings = {
				ALWAYS_SEARCH_USER_PATHS = NO;
				ASSETCATALOG_COMPILER_GENERATE_SWIFT_ASSET_SYMBOL_EXTENSIONS = YES;
				CLANG_ANALYZER_NONNULL = YES;
				CLANG_ANALYZER_NUMBER_OBJECT_CONVERSION = YES_AGGRESSIVE;
				CLANG_CXX_LANGUAGE_STANDARD = "gnu++20";
				CLANG_ENABLE_MODULES = YES;
				CLANG_ENABLE_OBJC_ARC = YES;
				CLANG_ENABLE_OBJC_WEAK = YES;
				CLANG_WARN_BLOCK_CAPTURE_AUTORELEASING = YES;
				CLANG_WARN_BOOL_CONVERSION = YES;
				CLANG_WARN_COMMA = YES;
				CLANG_WARN_CONSTANT_CONVERSION = YES;
				CLANG_WARN_DEPRECATED_OBJC_IMPLEMENTATIONS = YES;
				CLANG_WARN_DIRECT_OBJC_ISA_USAGE = YES_ERROR;
				CLANG_WARN_DOCUMENTATION_COMMENTS = YES;
				CLANG_WARN_EMPTY_BODY = YES;
				CLANG_WARN_ENUM_CONVERSION = YES;
				CLANG_WARN_INFINITE_RECURSION = YES;
				CLANG_WARN_INT_CONVERSION = YES;
				CLANG_WARN_NON_LITERAL_NULL_CONVERSION = YES;
				CLANG_WARN_OBJC_IMPLICIT_RETAIN_SELF = YES;
				CLANG_WARN_OBJC_LITERAL_CONVERSION = YES;
				CLANG_WARN_OBJC_ROOT_CLASS = YES_ERROR;
				CLANG_WARN_QUOTED_INCLUDE_IN_FRAMEWORK_HEADER = YES;
				CLANG_WARN_RANGE_LOOP_ANALYSIS = YES;
				CLANG_WARN_STRICT_PROTOTYPES = YES;
				CLANG_WARN_SUSPICIOUS_MOVE = YES;
				CLANG_WARN_UNGUARDED_AVAILABILITY = YES_AGGRESSIVE;
				CLANG_WARN_UNREACHABLE_CODE = YES;
				CLANG_WARN__DUPLICATE_METHOD_MATCH = YES;
				COPY_PHASE_STRIP = NO;
				DEBUG_INFORMATION_FORMAT = dwarf;
				DEVELOPMENT_TEAM = J5CY9Q9UP5;
				ENABLE_STRICT_OBJC_MSGSEND = YES;
				ENABLE_TESTABILITY = YES;
				ENABLE_USER_SCRIPT_SANDBOXING = YES;
				GCC_C_LANGUAGE_STANDARD = gnu17;
				GCC_DYNAMIC_NO_PIC = NO;
				GCC_NO_COMMON_BLOCKS = YES;
				GCC_OPTIMIZATION_LEVEL = 0;
				GCC_PREPROCESSOR_DEFINITIONS = (
					"DEBUG=1",
					"$(inherited)",
				);
				GCC_WARN_64_TO_32_BIT_CONVERSION = YES;
				GCC_WARN_ABOUT_RETURN_TYPE = YES_ERROR;
				GCC_WARN_UNDECLARED_SELECTOR = YES;
				GCC_WARN_UNINITIALIZED_AUTOS = YES_AGGRESSIVE;
				GCC_WARN_UNUSED_FUNCTION = YES;
				GCC_WARN_UNUSED_VARIABLE = YES;
				LOCALIZATION_PREFERS_STRING_CATALOGS = YES;
				MTL_ENABLE_DEBUG_INFO = INCLUDE_SOURCE;
				MTL_FAST_MATH = YES;
				ONLY_ACTIVE_ARCH = YES;
				SDKROOT = xros;
				SWIFT_ACTIVE_COMPILATION_CONDITIONS = "DEBUG $(inherited)";
				SWIFT_OPTIMIZATION_LEVEL = "-Onone";
				XROS_DEPLOYMENT_TARGET = 2.4;
			};
			name = Debug;
		};
		BA39FA992DD5A99F00DA3723 /* Release */ = {
			isa = XCBuildConfiguration;
			buildSettings = {
				ALWAYS_SEARCH_USER_PATHS = NO;
				ASSETCATALOG_COMPILER_GENERATE_SWIFT_ASSET_SYMBOL_EXTENSIONS = YES;
				CLANG_ANALYZER_NONNULL = YES;
				CLANG_ANALYZER_NUMBER_OBJECT_CONVERSION = YES_AGGRESSIVE;
				CLANG_CXX_LANGUAGE_STANDARD = "gnu++20";
				CLANG_ENABLE_MODULES = YES;
				CLANG_ENABLE_OBJC_ARC = YES;
				CLANG_ENABLE_OBJC_WEAK = YES;
				CLANG_WARN_BLOCK_CAPTURE_AUTORELEASING = YES;
				CLANG_WARN_BOOL_CONVERSION = YES;
				CLANG_WARN_COMMA = YES;
				CLANG_WARN_CONSTANT_CONVERSION = YES;
				CLANG_WARN_DEPRECATED_OBJC_IMPLEMENTATIONS = YES;
				CLANG_WARN_DIRECT_OBJC_ISA_USAGE = YES_ERROR;
				CLANG_WARN_DOCUMENTATION_COMMENTS = YES;
				CLANG_WARN_EMPTY_BODY = YES;
				CLANG_WARN_ENUM_CONVERSION = YES;
				CLANG_WARN_INFINITE_RECURSION = YES;
				CLANG_WARN_INT_CONVERSION = YES;
				CLANG_WARN_NON_LITERAL_NULL_CONVERSION = YES;
				CLANG_WARN_OBJC_IMPLICIT_RETAIN_SELF = YES;
				CLANG_WARN_OBJC_LITERAL_CONVERSION = YES;
				CLANG_WARN_OBJC_ROOT_CLASS = YES_ERROR;
				CLANG_WARN_QUOTED_INCLUDE_IN_FRAMEWORK_HEADER = YES;
				CLANG_WARN_RANGE_LOOP_ANALYSIS = YES;
				CLANG_WARN_STRICT_PROTOTYPES = YES;
				CLANG_WARN_SUSPICIOUS_MOVE = YES;
				CLANG_WARN_UNGUARDED_AVAILABILITY = YES_AGGRESSIVE;
				CLANG_WARN_UNREACHABLE_CODE = YES;
				CLANG_WARN__DUPLICATE_METHOD_MATCH = YES;
				COPY_PHASE_STRIP = NO;
				DEBUG_INFORMATION_FORMAT = "dwarf-with-dsym";
				DEVELOPMENT_TEAM = J5CY9Q9UP5;
				ENABLE_NS_ASSERTIONS = NO;
				ENABLE_STRICT_OBJC_MSGSEND = YES;
				ENABLE_USER_SCRIPT_SANDBOXING = YES;
				GCC_C_LANGUAGE_STANDARD = gnu17;
				GCC_NO_COMMON_BLOCKS = YES;
				GCC_WARN_64_TO_32_BIT_CONVERSION = YES;
				GCC_WARN_ABOUT_RETURN_TYPE = YES_ERROR;
				GCC_WARN_UNDECLARED_SELECTOR = YES;
				GCC_WARN_UNINITIALIZED_AUTOS = YES_AGGRESSIVE;
				GCC_WARN_UNUSED_FUNCTION = YES;
				GCC_WARN_UNUSED_VARIABLE = YES;
				LOCALIZATION_PREFERS_STRING_CATALOGS = YES;
				MTL_ENABLE_DEBUG_INFO = NO;
				MTL_FAST_MATH = YES;
				SDKROOT = xros;
				SWIFT_COMPILATION_MODE = wholemodule;
				VALIDATE_PRODUCT = YES;
				XROS_DEPLOYMENT_TARGET = 2.4;
			};
			name = Release;
		};
		BA39FA9B2DD5A99F00DA3723 /* Debug */ = {
			isa = XCBuildConfiguration;
			buildSettings = {
				BUNDLE_LOADER = "$(TEST_HOST)";
				CODE_SIGN_STYLE = Automatic;
				CURRENT_PROJECT_VERSION = 1;
				DEVELOPMENT_TEAM = J5CY9Q9UP5;
				GENERATE_INFOPLIST_FILE = YES;
				MARKETING_VERSION = 1.0;
				PRODUCT_BUNDLE_IDENTIFIER = jp.co.atarayosd.test.SimpleAppTests;
				PRODUCT_NAME = "$(TARGET_NAME)";
				SUPPORTED_PLATFORMS = "xros xrsimulator";
				SWIFT_EMIT_LOC_STRINGS = NO;
				SWIFT_VERSION = 5.0;
				TARGETED_DEVICE_FAMILY = 7;
				TEST_HOST = "$(BUILT_PRODUCTS_DIR)/SimpleApp.app/$(BUNDLE_EXECUTABLE_FOLDER_PATH)/SimpleApp";
				XROS_DEPLOYMENT_TARGET = 2.4;
			};
			name = Debug;
		};
		BA39FA9C2DD5A99F00DA3723 /* Release */ = {
			isa = XCBuildConfiguration;
			buildSettings = {
				BUNDLE_LOADER = "$(TEST_HOST)";
				CODE_SIGN_STYLE = Automatic;
				CURRENT_PROJECT_VERSION = 1;
				DEVELOPMENT_TEAM = J5CY9Q9UP5;
				GENERATE_INFOPLIST_FILE = YES;
				MARKETING_VERSION = 1.0;
				PRODUCT_BUNDLE_IDENTIFIER = jp.co.atarayosd.test.SimpleAppTests;
				PRODUCT_NAME = "$(TARGET_NAME)";
				SUPPORTED_PLATFORMS = "xros xrsimulator";
				SWIFT_EMIT_LOC_STRINGS = NO;
				SWIFT_VERSION = 5.0;
				TARGETED_DEVICE_FAMILY = 7;
				TEST_HOST = "$(BUILT_PRODUCTS_DIR)/SimpleApp.app/$(BUNDLE_EXECUTABLE_FOLDER_PATH)/SimpleApp";
				XROS_DEPLOYMENT_TARGET = 2.4;
			};
			name = Release;
		};
/* End XCBuildConfiguration section */

/* Begin XCConfigurationList section */
		BA39FA712DD5A99D00DA3723 /* Build configuration list for PBXProject "SimpleApp" */ = {
			isa = XCConfigurationList;
			buildConfigurations = (
				BA39FA982DD5A99F00DA3723 /* Debug */,
				BA39FA992DD5A99F00DA3723 /* Release */,
			);
			defaultConfigurationIsVisible = 0;
			defaultConfigurationName = Release;
		};
		BA39FA952DD5A99F00DA3723 /* Build configuration list for PBXNativeTarget "SimpleApp" */ = {
			isa = XCConfigurationList;
			buildConfigurations = (
				BA39FA962DD5A99F00DA3723 /* Debug */,
				BA39FA972DD5A99F00DA3723 /* Release */,
			);
			defaultConfigurationIsVisible = 0;
			defaultConfigurationName = Release;
		};
		BA39FA9A2DD5A99F00DA3723 /* Build configuration list for PBXNativeTarget "SimpleAppTests" */ = {
			isa = XCConfigurationList;
			buildConfigurations = (
				BA39FA9B2DD5A99F00DA3723 /* Debug */,
				BA39FA9C2DD5A99F00DA3723 /* Release */,
			);
			defaultConfigurationIsVisible = 0;
			defaultConfigurationName = Release;
		};
/* End XCConfigurationList section */

/* Begin XCLocalSwiftPackageReference section */
		BA39FA9D2DD5AA7A00DA3723 /* XCLocalSwiftPackageReference "../../../SPMock" */ = {
			isa = XCLocalSwiftPackageReference;
			relativePath = ../../../SPMock;
		};
/* End XCLocalSwiftPackageReference section */

/* Begin XCSwiftPackageProductDependency section */
		BA39FA7B2DD5A99D00DA3723 /* RealityKitContent */ = {
			isa = XCSwiftPackageProductDependency;
			productName = RealityKitContent;
		};
		BA39FA9E2DD5AA7A00DA3723 /* DisplayData */ = {
			isa = XCSwiftPackageProductDependency;
			productName = DisplayData;
		};
		BA39FAA02DD5AA7A00DA3723 /* FileIO */ = {
			isa = XCSwiftPackageProductDependency;
			productName = FileIO;
		};
/* End XCSwiftPackageProductDependency section */
	};
	rootObject = BA39FA6E2DD5A99D00DA3723 /* Project object */;
}
